
Microsoft Visual Studio Solution File, Format Version 12.00
# Visual Studio Version 16
VisualStudioVersion = 16.0.31321.278
MinimumVisualStudioVersion = 10.0.40219.1
Project("{9A19103F-16F7-4668-BE54-9A1E7A4F7556}") = "BlazorTech.QRScanner.Demo", "BlazorTech.QRScanner.Demo\BlazorTech.QRScanner.Demo.csproj", "{17FE1090-4317-45F5-834A-39F1EC8D009F}"
EndProject
Project("{9A19103F-16F7-4668-BE54-9A1E7A4F7556}") = "BlazorTech.QRScanner", "src\BlazorTech.QRScanner\BlazorTech.QRScanner.csproj", "{93274D0A-92B7-4137-B413-BA8E954CCFC5}"
EndProject
Project("{FAE04EC0-301F-11D3-BF4B-00C04F79EFBC}") = "BlazorWebAssembly", "samples\BlazorWebAssembly\BlazorWebAssembly.csproj", "{BB99A327-D1C1-4DC5-9A5C-0C0FDFD4F48F}"
EndProject
Global
	GlobalSection(SolutionConfigurationPlatforms) = preSolution
		Debug|Any CPU = Debug|Any CPU
		Release|Any CPU = Release|Any CPU
	EndGlobalSection
	GlobalSection(ProjectConfigurationPlatforms) = postSolution
		{17FE1090-4317-45F5-834A-39F1EC8D009F}.Debug|Any CPU.ActiveCfg = Debug|Any CPU
		{17FE1090-4317-45F5-834A-39F1EC8D009F}.Debug|Any CPU.Build.0 = Debug|Any CPU
		{17FE1090-4317-45F5-834A-39F1EC8D009F}.Release|Any CPU.ActiveCfg = Release|Any CPU
		{17FE1090-4317-45F5-834A-39F1EC8D009F}.Release|Any CPU.Build.0 = Release|Any CPU
		{93274D0A-92B7-4137-B413-BA8E954CCFC5}.Debug|Any CPU.ActiveCfg = Debug|Any CPU
		{93274D0A-92B7-4137-B413-BA8E954CCFC5}.Debug|Any CPU.Build.0 = Debug|Any CPU
		{93274D0A-92B7-4137-B413-BA8E954CCFC5}.Release|Any CPU.ActiveCfg = Release|Any CPU
		{93274D0A-92B7-4137-B413-BA8E954CCFC5}.Release|Any CPU.Build.0 = Release|Any CPU
		{BB99A327-D1C1-4DC5-9A5C-0C0FDFD4F48F}.Debug|Any CPU.ActiveCfg = Debug|Any CPU
		{BB99A327-D1C1-4DC5-9A5C-0C0FDFD4F48F}.Debug|Any CPU.Build.0 = Debug|Any CPU
		{BB99A327-D1C1-4DC5-9A5C-0C0FDFD4F48F}.Release|Any CPU.ActiveCfg = Release|Any CPU
		{BB99A327-D1C1-4DC5-9A5C-0C0FDFD4F48F}.Release|Any CPU.Build.0 = Release|Any CPU
	EndGlobalSection
	GlobalSection(SolutionProperties) = preSolution
		HideSolutionNode = FALSE
	EndGlobalSection
	GlobalSection(ExtensibilityGlobals) = postSolution
		SolutionGuid = {8A66ECAD-DFC6-44E0-BDB1-9CBAC348E817}
	EndGlobalSection
EndGlobal
